
Microsoft Visual Studio Solution File, Format Version 12.00
# Visual Studio Version 17
VisualStudioVersion = 17.10.35122.118
MinimumVisualStudioVersion = 10.0.40219.1
Project("{FAE04EC0-301F-11D3-BF4B-00C04F79EFBC}") = "ConsoleApp", "ConsoleApp\ConsoleApp.csproj", "{0A37B8F8-235B-4E58-B9A2-DFA0AA3685A5}"
EndProject
Project("{FAE04EC0-301F-11D3-BF4B-00C04F79EFBC}") = "TestProject", "TestProject\TestProject.csproj", "{2276C431-B940-4617-B59E-882F45852175}"
EndProject
Global
	GlobalSection(SolutionConfigurationPlatforms) = preSolution
		Debug|Any CPU = Debug|Any CPU
		Release|Any CPU = Release|Any CPU
	EndGlobalSection
	GlobalSection(ProjectConfigurationPlatforms) = postSolution
		{0A37B8F8-235B-4E58-B9A2-DFA0AA3685A5}.Debug|Any CPU.ActiveCfg = Debug|Any CPU
		{0A37B8F8-235B-4E58-B9A2-DFA0AA3685A5}.Debug|Any CPU.Build.0 = Debug|Any CPU
		{0A37B8F8-235B-4E58-B9A2-DFA0AA3685A5}.Release|Any CPU.ActiveCfg = Release|Any CPU
		{0A37B8F8-235B-4E58-B9A2-DFA0AA3685A5}.Release|Any CPU.Build.0 = Release|Any CPU
		{2276C431-B940-4617-B59E-882F45852175}.Debug|Any CPU.ActiveCfg = Debug|Any CPU
		{2276C431-B940-4617-B59E-882F45852175}.Debug|Any CPU.Build.0 = Debug|Any CPU
		{2276C431-B940-4617-B59E-882F45852175}.Release|Any CPU.ActiveCfg = Release|Any CPU
		{2276C431-B940-4617-B59E-882F45852175}.Release|Any CPU.Build.0 = Release|Any CPU
	EndGlobalSection
	GlobalSection(SolutionProperties) = preSolution
		HideSolutionNode = FALSE
	EndGlobalSection
	GlobalSection(ExtensibilityGlobals) = postSolution
		SolutionGuid = {85984734-84D8-41E1-AFC7-0442C0C5B7E8}
	EndGlobalSection
EndGlobal
